
Microsoft Visual Studio Solution File, Format Version 12.00
# Visual Studio Version 17
VisualStudioVersion = 17.12.35707.178 d17.12
MinimumVisualStudioVersion = 10.0.40219.1
Project("{FAE04EC0-301F-11D3-BF4B-00C04F79EFBC}") = "SerwisRowerowy", "SerwisRowerowy\SerwisRowerowy.csproj", "{BEAF79CD-7C89-43DA-838B-5E053A3EF1BA}"
EndProject
Global
	GlobalSection(SolutionConfigurationPlatforms) = preSolution
		Debug|Any CPU = Debug|Any CPU
		Release|Any CPU = Release|Any CPU
	EndGlobalSection
	GlobalSection(ProjectConfigurationPlatforms) = postSolution
		{BEAF79CD-7C89-43DA-838B-5E053A3EF1BA}.Debug|Any CPU.ActiveCfg = Debug|Any CPU
		{BEAF79CD-7C89-43DA-838B-5E053A3EF1BA}.Debug|Any CPU.Build.0 = Debug|Any CPU
		{BEAF79CD-7C89-43DA-838B-5E053A3EF1BA}.Release|Any CPU.ActiveCfg = Release|Any CPU
		{BEAF79CD-7C89-43DA-838B-5E053A3EF1BA}.Release|Any CPU.Build.0 = Release|Any CPU
	EndGlobalSection
	GlobalSection(SolutionProperties) = preSolution
		HideSolutionNode = FALSE
	EndGlobalSection
EndGlobal
